{
    "_readme": [
        "This file locks the dependencies of your project to a known state",
        "Read more about it at http://getcomposer.org/doc/01-basic-usage.md#composer-lock-the-lock-file",
        "This file is @generated automatically"
    ],
    "hash": "76d955314b10a71856d4ea799226332e",
    "packages": [
        {
            "name": "bem/bh",
            "version": "4.1.0",
            "source": {
                "type": "git",
                "url": "https://github.com/bem/bh-php.git",
                "reference": "82cd0e1c3f7d67878c0bc7a82d413e73957f34dc"
            },
            "dist": {
                "type": "zip",
                "url": "https://api.github.com/repos/bem/bh-php/zipball/82cd0e1c3f7d67878c0bc7a82d413e73957f34dc",
                "reference": "82cd0e1c3f7d67878c0bc7a82d413e73957f34dc",
                "shasum": ""
            },
            "require": {
                "php": ">=5.4.0"
            },
            "require-dev": {
                "phpunit/php-invoker": "1.*@stable",
                "phpunit/phpunit": "4.3.*"
            },
            "type": "library",
            "autoload": {
                "psr-4": {
                    "BEM\\": "src/"
                }
            },
            "notification-url": "https://packagist.org/downloads/",
            "license": [
                "MIT"
            ],
            "authors": [
                {
                    "name": "Alexej Yaroshevich",
                    "email": "alex@qfox.ru"
                }
            ],
            "description": "Template engine. BEMJSON -> HTML processor. PHP port of https://github.com/bem/bh",
            "keywords": [
                "BEM",
                "bemjson",
                "bh"
            ],
            "time": "2015-07-18 18:41:02"
        }
    ],
    "packages-dev": [],
    "aliases": [],
    "minimum-stability": "stable",
    "stability-flags": [],
    "prefer-stable": false,
    "prefer-lowest": false,
    "platform": [],
    "platform-dev": []
}
